
Microsoft Visual Studio Solution File, Format Version 12.00
# Visual Studio 15
VisualStudioVersion = 15.0.27703.2026
MinimumVisualStudioVersion = 10.0.40219.1
Project("{9A19103F-16F7-4668-BE54-9A1E7A4F7556}") = "Ranjan.DesignPattern.AbstractFactory", "Ranjan.DesignPattern.AbstractFactory\Ranjan.DesignPattern.AbstractFactory.csproj", "{153856D3-7B4E-49C9-A6BD-5198C9899853}"
EndProject
Project("{FAE04EC0-301F-11D3-BF4B-00C04F79EFBC}") = "Ranjan.DesignPattern.ChainOfResponsibility", "Ranjan.DesignPattern.ChainOfResponsibility\Ranjan.DesignPattern.ChainOfResponsibility.csproj", "{211616D6-0FC8-46A0-9225-DF18F6F8ED54}"
EndProject
Global
	GlobalSection(SolutionConfigurationPlatforms) = preSolution
		Debug|Any CPU = Debug|Any CPU
		Release|Any CPU = Release|Any CPU
	EndGlobalSection
	GlobalSection(ProjectConfigurationPlatforms) = postSolution
		{153856D3-7B4E-49C9-A6BD-5198C9899853}.Debug|Any CPU.ActiveCfg = Debug|Any CPU
		{153856D3-7B4E-49C9-A6BD-5198C9899853}.Debug|Any CPU.Build.0 = Debug|Any CPU
		{153856D3-7B4E-49C9-A6BD-5198C9899853}.Release|Any CPU.ActiveCfg = Release|Any CPU
		{153856D3-7B4E-49C9-A6BD-5198C9899853}.Release|Any CPU.Build.0 = Release|Any CPU
		{211616D6-0FC8-46A0-9225-DF18F6F8ED54}.Debug|Any CPU.ActiveCfg = Debug|Any CPU
		{211616D6-0FC8-46A0-9225-DF18F6F8ED54}.Debug|Any CPU.Build.0 = Debug|Any CPU
		{211616D6-0FC8-46A0-9225-DF18F6F8ED54}.Release|Any CPU.ActiveCfg = Release|Any CPU
		{211616D6-0FC8-46A0-9225-DF18F6F8ED54}.Release|Any CPU.Build.0 = Release|Any CPU
	EndGlobalSection
	GlobalSection(SolutionProperties) = preSolution
		HideSolutionNode = FALSE
	EndGlobalSection
	GlobalSection(ExtensibilityGlobals) = postSolution
		SolutionGuid = {D8A65B1B-89D7-4B87-BDC8-31839428BC13}
	EndGlobalSection
EndGlobal
